
Microsoft Visual Studio Solution File, Format Version 12.00
# Visual Studio Version 16
VisualStudioVersion = 16.0.32126.315
MinimumVisualStudioVersion = 10.0.40219.1
Project("{8BC9CEB8-8B4A-11D0-8D11-00A0C91BC942}") = "OpenGLTests", "OpenGLTests\OpenGLTests.vcxproj", "{2956DE89-83E4-42FC-B104-37C084768699}"
EndProject
Global
	GlobalSection(SolutionConfigurationPlatforms) = preSolution
		Debug|x64 = Debug|x64
		Debug|x86 = Debug|x86
		Release|x64 = Release|x64
		Release|x86 = Release|x86
	EndGlobalSection
	GlobalSection(ProjectConfigurationPlatforms) = postSolution
		{2956DE89-83E4-42FC-B104-37C084768699}.Debug|x64.ActiveCfg = Debug|x64
		{2956DE89-83E4-42FC-B104-37C084768699}.Debug|x64.Build.0 = Debug|x64
		{2956DE89-83E4-42FC-B104-37C084768699}.Debug|x86.ActiveCfg = Debug|Win32
		{2956DE89-83E4-42FC-B104-37C084768699}.Debug|x86.Build.0 = Debug|Win32
		{2956DE89-83E4-42FC-B104-37C084768699}.Release|x64.ActiveCfg = Release|x64
		{2956DE89-83E4-42FC-B104-37C084768699}.Release|x64.Build.0 = Release|x64
		{2956DE89-83E4-42FC-B104-37C084768699}.Release|x86.ActiveCfg = Release|Win32
		{2956DE89-83E4-42FC-B104-37C084768699}.Release|x86.Build.0 = Release|Win32
	EndGlobalSection
	GlobalSection(SolutionProperties) = preSolution
		HideSolutionNode = FALSE
	EndGlobalSection
	GlobalSection(ExtensibilityGlobals) = postSolution
		SolutionGuid = {6BDE16A1-20F8-4542-A352-2828F9A4F3FF}
	EndGlobalSection
EndGlobal
